# THIS IS AN AUTOGENERATED FILE. DO NOT EDIT THIS FILE DIRECTLY.
# yarn lockfile v1


google-protobuf@^3.18.0-rc.2:
  version "3.18.0-rc.2"
  resolved "https://registry.yarnpkg.com/google-protobuf/-/google-protobuf-3.18.0-rc.2.tgz#b35934083724ed0e78a789309739c75a8136ea32"
  integrity sha512-mKZG5WYrwR/y1mA8xB+qI1O/6Pmvu4V6zldf+dpHdx6zoyVWT5lJTyXU8rAlpL7jtbe47e6M9L4PyWnKsYMOXQ==
